
Microsoft Visual Studio Solution File, Format Version 12.00
# Visual Studio 15
VisualStudioVersion = 15.0.27703.2042
MinimumVisualStudioVersion = 10.0.40219.1
Project("{FAE04EC0-301F-11D3-BF4B-00C04F79EFBC}") = "granjaElvin", "granjaElvin\granjaElvin.csproj", "{59EE1128-1FF5-4FF4-AC7A-68B32630CB0C}"
EndProject
Global
	GlobalSection(SolutionConfigurationPlatforms) = preSolution
		Debug|Any CPU = Debug|Any CPU
		Release|Any CPU = Release|Any CPU
	EndGlobalSection
	GlobalSection(ProjectConfigurationPlatforms) = postSolution
		{59EE1128-1FF5-4FF4-AC7A-68B32630CB0C}.Debug|Any CPU.ActiveCfg = Debug|Any CPU
		{59EE1128-1FF5-4FF4-AC7A-68B32630CB0C}.Debug|Any CPU.Build.0 = Debug|Any CPU
		{59EE1128-1FF5-4FF4-AC7A-68B32630CB0C}.Release|Any CPU.ActiveCfg = Release|Any CPU
		{59EE1128-1FF5-4FF4-AC7A-68B32630CB0C}.Release|Any CPU.Build.0 = Release|Any CPU
	EndGlobalSection
	GlobalSection(SolutionProperties) = preSolution
		HideSolutionNode = FALSE
	EndGlobalSection
	GlobalSection(ExtensibilityGlobals) = postSolution
		SolutionGuid = {DD23F641-E15B-4E83-92AB-ACC951CB655F}
	EndGlobalSection
EndGlobal
